// !$*UTF8*$!
{
	archiveVersion = 1;
	classes = {
	};
	objectVersion = 46;
	objects = {

/* Begin PBXBuildFile section */
		92118759221FF30000BA9B7F /* ReSwift.framework in Frameworks */ = {isa = PBXBuildFile; fileRef = 92118758221FF30000BA9B7F /* ReSwift.framework */; };
		9211875B221FF60A00BA9B7F /* Store.swift in Sources */ = {isa = PBXBuildFile; fileRef = 9211875A221FF60A00BA9B7F /* Store.swift */; };
		92118760221FFC2100BA9B7F /* GameSetupReducer.swift in Sources */ = {isa = PBXBuildFile; fileRef = 9211875F221FFC2100BA9B7F /* GameSetupReducer.swift */; };
		92118763221FFD4400BA9B7F /* Actions.swift in Sources */ = {isa = PBXBuildFile; fileRef = 92118762221FFD4400BA9B7F /* Actions.swift */; };
		921187642220063700BA9B7F /* ReSwift.framework in Frameworks */ = {isa = PBXBuildFile; fileRef = 92118758221FF30000BA9B7F /* ReSwift.framework */; };
		921187652220063700BA9B7F /* ReSwift.framework in Embed Frameworks */ = {isa = PBXBuildFile; fileRef = 92118758221FF30000BA9B7F /* ReSwift.framework */; settings = {ATTRIBUTES = (CodeSignOnCopy, RemoveHeadersOnCopy, ); }; };
		921AB55420B1E8110068F467 /* PlayerTableViewCell.swift in Sources */ = {isa = PBXBuildFile; fileRef = 921AB55320B1E8110068F467 /* PlayerTableViewCell.swift */; };
		9250BD0821E4E55D005C6D3C /* FactionDelegate.swift in Sources */ = {isa = PBXBuildFile; fileRef = 9250BD0721E4E55D005C6D3C /* FactionDelegate.swift */; };
		927C3F621F224CFE00233977 /* Randoms.swift in Sources */ = {isa = PBXBuildFile; fileRef = 927C3F611F224CFE00233977 /* Randoms.swift */; };
		927F022120220F7700D629E0 /* AppCenterAnalytics.framework in Frameworks */ = {isa = PBXBuildFile; fileRef = 927F021E20220F7700D629E0 /* AppCenterAnalytics.framework */; };
		927F022220220F7700D629E0 /* AppCenterCrashes.framework in Frameworks */ = {isa = PBXBuildFile; fileRef = 927F021F20220F7700D629E0 /* AppCenterCrashes.framework */; };
		927F022320220F7700D629E0 /* AppCenter.framework in Frameworks */ = {isa = PBXBuildFile; fileRef = 927F022020220F7700D629E0 /* AppCenter.framework */; };
		929E19DA1EB0A77B004EBC43 /* AppDelegate.swift in Sources */ = {isa = PBXBuildFile; fileRef = 929E19D91EB0A77B004EBC43 /* AppDelegate.swift */; };
		929E19DF1EB0A77B004EBC43 /* Main.storyboard in Resources */ = {isa = PBXBuildFile; fileRef = 929E19DD1EB0A77B004EBC43 /* Main.storyboard */; };
		929E19E11EB0A77B004EBC43 /* Assets.xcassets in Resources */ = {isa = PBXBuildFile; fileRef = 929E19E01EB0A77B004EBC43 /* Assets.xcassets */; };
		929E19E41EB0A77B004EBC43 /* LaunchScreen.storyboard in Resources */ = {isa = PBXBuildFile; fileRef = 929E19E21EB0A77B004EBC43 /* LaunchScreen.storyboard */; };
		929E19FA1EB0A807004EBC43 /* Player.swift in Sources */ = {isa = PBXBuildFile; fileRef = 929E19F91EB0A807004EBC43 /* Player.swift */; };
		929E19FC1EB0A89B004EBC43 /* Faction.swift in Sources */ = {isa = PBXBuildFile; fileRef = 929E19FB1EB0A89B004EBC43 /* Faction.swift */; };
		929E1A001EB0AD58004EBC43 /* Game.swift in Sources */ = {isa = PBXBuildFile; fileRef = 929E19FF1EB0AD58004EBC43 /* Game.swift */; };
		92C5FBFA2060027D003E3B74 /* GameViewController.swift in Sources */ = {isa = PBXBuildFile; fileRef = 92C5FBF92060027D003E3B74 /* GameViewController.swift */; };
		92C5FC002060110A003E3B74 /* SetupTableViewController.swift in Sources */ = {isa = PBXBuildFile; fileRef = 92C5FBFF2060110A003E3B74 /* SetupTableViewController.swift */; };
		92CD20E5220B1D3F00B2AB2E /* AppCenterPush.framework in Frameworks */ = {isa = PBXBuildFile; fileRef = 92CD20DF220B1D3D00B2AB2E /* AppCenterPush.framework */; };
		92CD20E6220B1D3F00B2AB2E /* AppCenterAnalytics.framework in Frameworks */ = {isa = PBXBuildFile; fileRef = 92CD20E0220B1D3E00B2AB2E /* AppCenterAnalytics.framework */; };
		92CD20E7220B1D3F00B2AB2E /* AppCenterDistributeResources.bundle in Resources */ = {isa = PBXBuildFile; fileRef = 92CD20E1220B1D3E00B2AB2E /* AppCenterDistributeResources.bundle */; };
		92CD20E8220B1D3F00B2AB2E /* AppCenterCrashes.framework in Frameworks */ = {isa = PBXBuildFile; fileRef = 92CD20E2220B1D3E00B2AB2E /* AppCenterCrashes.framework */; };
		92CD20E9220B1D3F00B2AB2E /* AppCenterDistribute.framework in Frameworks */ = {isa = PBXBuildFile; fileRef = 92CD20E3220B1D3F00B2AB2E /* AppCenterDistribute.framework */; };
		92CD20EA220B1D3F00B2AB2E /* AppCenter.framework in Frameworks */ = {isa = PBXBuildFile; fileRef = 92CD20E4220B1D3F00B2AB2E /* AppCenter.framework */; };
		92E4B9D91F76722600F7CFD3 /* FactionTableViewController.swift in Sources */ = {isa = PBXBuildFile; fileRef = 92E4B9D81F76722600F7CFD3 /* FactionTableViewController.swift */; };
		92EE89E2215262A00099123E /* Smash_UpUITests.swift in Sources */ = {isa = PBXBuildFile; fileRef = 92EE89E1215262A00099123E /* Smash_UpUITests.swift */; };
/* End PBXBuildFile section */

/* Begin PBXContainerItemProxy section */
		92EE89E4215262A00099123E /* PBXContainerItemProxy */ = {
			isa = PBXContainerItemProxy;
			containerPortal = 929E19CE1EB0A77B004EBC43 /* Project object */;
			proxyType = 1;
			remoteGlobalIDString = 929E19D51EB0A77B004EBC43;
			remoteInfo = "Smash-Up";
		};
/* End PBXContainerItemProxy section */

/* Begin PBXCopyFilesBuildPhase section */
		921187662220063700BA9B7F /* Embed Frameworks */ = {
			isa = PBXCopyFilesBuildPhase;
			buildActionMask = 2147483647;
			dstPath = "";
			dstSubfolderSpec = 10;
			files = (
				921187652220063700BA9B7F /* ReSwift.framework in Embed Frameworks */,
			);
			name = "Embed Frameworks";
			runOnlyForDeploymentPostprocessing = 0;
		};
/* End PBXCopyFilesBuildPhase section */

/* Begin PBXFileReference section */
		92118758221FF30000BA9B7F /* ReSwift.framework */ = {isa = PBXFileReference; lastKnownFileType = wrapper.framework; name = ReSwift.framework; path = Carthage/Build/iOS/ReSwift.framework; sourceTree = "<group>"; };
		9211875A221FF60A00BA9B7F /* Store.swift */ = {isa = PBXFileReference; lastKnownFileType = sourcecode.swift; path = Store.swift; sourceTree = "<group>"; };
		9211875F221FFC2100BA9B7F /* GameSetupReducer.swift */ = {isa = PBXFileReference; lastKnownFileType = sourcecode.swift; path = GameSetupReducer.swift; sourceTree = "<group>"; };
		92118762221FFD4400BA9B7F /* Actions.swift */ = {isa = PBXFileReference; lastKnownFileType = sourcecode.swift; path = Actions.swift; sourceTree = "<group>"; };
		921AB55320B1E8110068F467 /* PlayerTableViewCell.swift */ = {isa = PBXFileReference; lastKnownFileType = sourcecode.swift; path = PlayerTableViewCell.swift; sourceTree = "<group>"; };
		9250BD0721E4E55D005C6D3C /* FactionDelegate.swift */ = {isa = PBXFileReference; lastKnownFileType = sourcecode.swift; path = FactionDelegate.swift; sourceTree = "<group>"; };
		927C3F611F224CFE00233977 /* Randoms.swift */ = {isa = PBXFileReference; fileEncoding = 4; lastKnownFileType = sourcecode.swift; path = Randoms.swift; sourceTree = "<group>"; };
		927F021E20220F7700D629E0 /* AppCenterAnalytics.framework */ = {isa = PBXFileReference; lastKnownFileType = wrapper.framework; name = AppCenterAnalytics.framework; path = "Smash-Up/Vendor/AppCenterAnalytics.framework"; sourceTree = "<group>"; };
		927F021F20220F7700D629E0 /* AppCenterCrashes.framework */ = {isa = PBXFileReference; lastKnownFileType = wrapper.framework; name = AppCenterCrashes.framework; path = "Smash-Up/Vendor/AppCenterCrashes.framework"; sourceTree = "<group>"; };
		927F022020220F7700D629E0 /* AppCenter.framework */ = {isa = PBXFileReference; lastKnownFileType = wrapper.framework; name = AppCenter.framework; path = "Smash-Up/Vendor/AppCenter.framework"; sourceTree = "<group>"; };
		929E19D61EB0A77B004EBC43 /* Smash-Up.app */ = {isa = PBXFileReference; explicitFileType = wrapper.application; includeInIndex = 0; path = "Smash-Up.app"; sourceTree = BUILT_PRODUCTS_DIR; };
		929E19D91EB0A77B004EBC43 /* AppDelegate.swift */ = {isa = PBXFileReference; lastKnownFileType = sourcecode.swift; path = AppDelegate.swift; sourceTree = "<group>"; };
		929E19DE1EB0A77B004EBC43 /* Base */ = {isa = PBXFileReference; lastKnownFileType = file.storyboard; name = Base; path = Base.lproj/Main.storyboard; sourceTree = "<group>"; };
		929E19E01EB0A77B004EBC43 /* Assets.xcassets */ = {isa = PBXFileReference; lastKnownFileType = folder.assetcatalog; path = Assets.xcassets; sourceTree = "<group>"; };
		929E19E31EB0A77B004EBC43 /* Base */ = {isa = PBXFileReference; lastKnownFileType = file.storyboard; name = Base; path = Base.lproj/LaunchScreen.storyboard; sourceTree = "<group>"; };
		929E19E51EB0A77B004EBC43 /* Info.plist */ = {isa = PBXFileReference; lastKnownFileType = text.plist.xml; path = Info.plist; sourceTree = "<group>"; };
		929E19F91EB0A807004EBC43 /* Player.swift */ = {isa = PBXFileReference; fileEncoding = 4; lastKnownFileType = sourcecode.swift; path = Player.swift; sourceTree = "<group>"; };
		929E19FB1EB0A89B004EBC43 /* Faction.swift */ = {isa = PBXFileReference; fileEncoding = 4; lastKnownFileType = sourcecode.swift; path = Faction.swift; sourceTree = "<group>"; };
		929E19FF1EB0AD58004EBC43 /* Game.swift */ = {isa = PBXFileReference; fileEncoding = 4; lastKnownFileType = sourcecode.swift; path = Game.swift; sourceTree = "<group>"; };
		92C5FBF92060027D003E3B74 /* GameViewController.swift */ = {isa = PBXFileReference; lastKnownFileType = sourcecode.swift; path = GameViewController.swift; sourceTree = "<group>"; };
		92C5FBFF2060110A003E3B74 /* SetupTableViewController.swift */ = {isa = PBXFileReference; lastKnownFileType = sourcecode.swift; path = SetupTableViewController.swift; sourceTree = "<group>"; };
		92CD20DF220B1D3D00B2AB2E /* AppCenterPush.framework */ = {isa = PBXFileReference; lastKnownFileType = wrapper.framework; name = AppCenterPush.framework; path = "Smash-Up/AppCenterPush.framework"; sourceTree = "<group>"; };
		92CD20E0220B1D3E00B2AB2E /* AppCenterAnalytics.framework */ = {isa = PBXFileReference; lastKnownFileType = wrapper.framework; name = AppCenterAnalytics.framework; path = "Smash-Up/AppCenterAnalytics.framework"; sourceTree = "<group>"; };
		92CD20E1220B1D3E00B2AB2E /* AppCenterDistributeResources.bundle */ = {isa = PBXFileReference; lastKnownFileType = "wrapper.plug-in"; name = AppCenterDistributeResources.bundle; path = "Smash-Up/AppCenterDistributeResources.bundle"; sourceTree = "<group>"; };
		92CD20E2220B1D3E00B2AB2E /* AppCenterCrashes.framework */ = {isa = PBXFileReference; lastKnownFileType = wrapper.framework; name = AppCenterCrashes.framework; path = "Smash-Up/AppCenterCrashes.framework"; sourceTree = "<group>"; };
		92CD20E3220B1D3F00B2AB2E /* AppCenterDistribute.framework */ = {isa = PBXFileReference; lastKnownFileType = wrapper.framework; name = AppCenterDistribute.framework; path = "Smash-Up/AppCenterDistribute.framework"; sourceTree = "<group>"; };
		92CD20E4220B1D3F00B2AB2E /* AppCenter.framework */ = {isa = PBXFileReference; lastKnownFileType = wrapper.framework; name = AppCenter.framework; path = "Smash-Up/AppCenter.framework"; sourceTree = "<group>"; };
		92E4B9D81F76722600F7CFD3 /* FactionTableViewController.swift */ = {isa = PBXFileReference; lastKnownFileType = sourcecode.swift; path = FactionTableViewController.swift; sourceTree = "<group>"; };
		92EE89DF215262A00099123E /* Smash-UpUITests.xctest */ = {isa = PBXFileReference; explicitFileType = wrapper.cfbundle; includeInIndex = 0; path = "Smash-UpUITests.xctest"; sourceTree = BUILT_PRODUCTS_DIR; };
		92EE89E1215262A00099123E /* Smash_UpUITests.swift */ = {isa = PBXFileReference; lastKnownFileType = sourcecode.swift; path = Smash_UpUITests.swift; sourceTree = "<group>"; };
		92EE89E3215262A00099123E /* Info.plist */ = {isa = PBXFileReference; lastKnownFileType = text.plist.xml; path = Info.plist; sourceTree = "<group>"; };
/* End PBXFileReference section */

/* Begin PBXFrameworksBuildPhase section */
		929E19D31EB0A77B004EBC43 /* Frameworks */ = {
			isa = PBXFrameworksBuildPhase;
			buildActionMask = 2147483647;
			files = (
				927F022120220F7700D629E0 /* AppCenterAnalytics.framework in Frameworks */,
				92CD20EA220B1D3F00B2AB2E /* AppCenter.framework in Frameworks */,
				92118759221FF30000BA9B7F /* ReSwift.framework in Frameworks */,
				921187642220063700BA9B7F /* ReSwift.framework in Frameworks */,
				92CD20E5220B1D3F00B2AB2E /* AppCenterPush.framework in Frameworks */,
				927F022320220F7700D629E0 /* AppCenter.framework in Frameworks */,
				927F022220220F7700D629E0 /* AppCenterCrashes.framework in Frameworks */,
				92CD20E6220B1D3F00B2AB2E /* AppCenterAnalytics.framework in Frameworks */,
				92CD20E9220B1D3F00B2AB2E /* AppCenterDistribute.framework in Frameworks */,
				92CD20E8220B1D3F00B2AB2E /* AppCenterCrashes.framework in Frameworks */,
			);
			runOnlyForDeploymentPostprocessing = 0;
		};
		92EE89DC215262A00099123E /* Frameworks */ = {
			isa = PBXFrameworksBuildPhase;
			buildActionMask = 2147483647;
			files = (
			);
			runOnlyForDeploymentPostprocessing = 0;
		};
/* End PBXFrameworksBuildPhase section */

/* Begin PBXGroup section */
		9211875C221FFBE600BA9B7F /* State */ = {
			isa = PBXGroup;
			children = (
				9211875A221FF60A00BA9B7F /* Store.swift */,
			);
			name = State;
			sourceTree = "<group>";
		};
		9211875E221FFC0800BA9B7F /* Reducer */ = {
			isa = PBXGroup;
			children = (
				9211875F221FFC2100BA9B7F /* GameSetupReducer.swift */,
			);
			name = Reducer;
			sourceTree = "<group>";
		};
		92118761221FFD3100BA9B7F /* Actions */ = {
			isa = PBXGroup;
			children = (
				92118762221FFD4400BA9B7F /* Actions.swift */,
			);
			name = Actions;
			sourceTree = "<group>";
		};
		92118767222018C100BA9B7F /* Models */ = {
			isa = PBXGroup;
			children = (
				929E19F91EB0A807004EBC43 /* Player.swift */,
				929E19FF1EB0AD58004EBC43 /* Game.swift */,
				929E19FB1EB0A89B004EBC43 /* Faction.swift */,
			);
			name = Models;
			sourceTree = "<group>";
		};
		921AB55520B203BB0068F467 /* Faction */ = {
			isa = PBXGroup;
			children = (
				92E4B9D81F76722600F7CFD3 /* FactionTableViewController.swift */,
				9250BD0721E4E55D005C6D3C /* FactionDelegate.swift */,
			);
			name = Faction;
			sourceTree = "<group>";
		};
		924588D81F6752DA0094F6C5 /* Frameworks */ = {
			isa = PBXGroup;
			children = (
				92118758221FF30000BA9B7F /* ReSwift.framework */,
				92CD20E4220B1D3F00B2AB2E /* AppCenter.framework */,
				92CD20E0220B1D3E00B2AB2E /* AppCenterAnalytics.framework */,
				92CD20E2220B1D3E00B2AB2E /* AppCenterCrashes.framework */,
				92CD20E3220B1D3F00B2AB2E /* AppCenterDistribute.framework */,
				92CD20E1220B1D3E00B2AB2E /* AppCenterDistributeResources.bundle */,
				92CD20DF220B1D3D00B2AB2E /* AppCenterPush.framework */,
				927F022020220F7700D629E0 /* AppCenter.framework */,
				927F021E20220F7700D629E0 /* AppCenterAnalytics.framework */,
				927F021F20220F7700D629E0 /* AppCenterCrashes.framework */,
			);
			name = Frameworks;
			sourceTree = "<group>";
		};
		927C3F601F224CDF00233977 /* Helpers */ = {
			isa = PBXGroup;
			children = (
				927C3F611F224CFE00233977 /* Randoms.swift */,
			);
			name = Helpers;
			sourceTree = "<group>";
		};
		929E19CD1EB0A77B004EBC43 = {
			isa = PBXGroup;
			children = (
				929E19D81EB0A77B004EBC43 /* Smash-Up */,
				92EE89E0215262A00099123E /* Smash-UpUITests */,
				929E19D71EB0A77B004EBC43 /* Products */,
				924588D81F6752DA0094F6C5 /* Frameworks */,
			);
			sourceTree = "<group>";
		};
		929E19D71EB0A77B004EBC43 /* Products */ = {
			isa = PBXGroup;
			children = (
				929E19D61EB0A77B004EBC43 /* Smash-Up.app */,
				92EE89DF215262A00099123E /* Smash-UpUITests.xctest */,
			);
			name = Products;
			sourceTree = "<group>";
		};
		929E19D81EB0A77B004EBC43 /* Smash-Up */ = {
			isa = PBXGroup;
			children = (
				92118767222018C100BA9B7F /* Models */,
				92118761221FFD3100BA9B7F /* Actions */,
				9211875E221FFC0800BA9B7F /* Reducer */,
				9211875C221FFBE600BA9B7F /* State */,
				921AB55520B203BB0068F467 /* Faction */,
				929E1A031EB0FC63004EBC43 /* Game Setup */,
				929E19D91EB0A77B004EBC43 /* AppDelegate.swift */,
				929E19DD1EB0A77B004EBC43 /* Main.storyboard */,
				929E19E01EB0A77B004EBC43 /* Assets.xcassets */,
				929E19E21EB0A77B004EBC43 /* LaunchScreen.storyboard */,
				929E19E51EB0A77B004EBC43 /* Info.plist */,
				92C5FBF92060027D003E3B74 /* GameViewController.swift */,
				927C3F601F224CDF00233977 /* Helpers */,
			);
			path = "Smash-Up";
			sourceTree = "<group>";
		};
		929E1A031EB0FC63004EBC43 /* Game Setup */ = {
			isa = PBXGroup;
			children = (
				92C5FBFF2060110A003E3B74 /* SetupTableViewController.swift */,
				921AB55320B1E8110068F467 /* PlayerTableViewCell.swift */,
			);
			name = "Game Setup";
			sourceTree = "<group>";
		};
		92EE89E0215262A00099123E /* Smash-UpUITests */ = {
			isa = PBXGroup;
			children = (
				92EE89E1215262A00099123E /* Smash_UpUITests.swift */,
				92EE89E3215262A00099123E /* Info.plist */,
			);
			path = "Smash-UpUITests";
			sourceTree = "<group>";
		};
/* End PBXGroup section */

/* Begin PBXNativeTarget section */
		929E19D51EB0A77B004EBC43 /* Smash-Up */ = {
			isa = PBXNativeTarget;
			buildConfigurationList = 929E19F31EB0A77B004EBC43 /* Build configuration list for PBXNativeTarget "Smash-Up" */;
			buildPhases = (
				929E19D21EB0A77B004EBC43 /* Sources */,
				929E19D31EB0A77B004EBC43 /* Frameworks */,
				929E19D41EB0A77B004EBC43 /* Resources */,
				921187662220063700BA9B7F /* Embed Frameworks */,
			);
			buildRules = (
			);
			dependencies = (
			);
			name = "Smash-Up";
			productName = "Smash-Up";
			productReference = 929E19D61EB0A77B004EBC43 /* Smash-Up.app */;
			productType = "com.apple.product-type.application";
		};
		92EE89DE215262A00099123E /* Smash-UpUITests */ = {
			isa = PBXNativeTarget;
			buildConfigurationList = 92EE89E6215262A00099123E /* Build configuration list for PBXNativeTarget "Smash-UpUITests" */;
			buildPhases = (
				92EE89DB215262A00099123E /* Sources */,
				92EE89DC215262A00099123E /* Frameworks */,
				92EE89DD215262A00099123E /* Resources */,
			);
			buildRules = (
			);
			dependencies = (
				92EE89E5215262A00099123E /* PBXTargetDependency */,
			);
			name = "Smash-UpUITests";
			productName = "Smash-UpUITests";
			productReference = 92EE89DF215262A00099123E /* Smash-UpUITests.xctest */;
			productType = "com.apple.product-type.bundle.ui-testing";
		};
/* End PBXNativeTarget section */

/* Begin PBXProject section */
		929E19CE1EB0A77B004EBC43 /* Project object */ = {
			isa = PBXProject;
			attributes = {
				LastSwiftUpdateCheck = 1000;
				LastUpgradeCheck = 0930;
				ORGANIZATIONNAME = "RibEye Studios";
				TargetAttributes = {
					929E19D51EB0A77B004EBC43 = {
						CreatedOnToolsVersion = 8.3.2;
						DevelopmentTeam = T2TBC34KR3;
						LastSwiftMigration = 1010;
						ProvisioningStyle = Manual;
						SystemCapabilities = {
							com.apple.HealthKit = {
								enabled = 0;
							};
							com.apple.Push = {
								enabled = 0;
							};
						};
					};
					92EE89DE215262A00099123E = {
						CreatedOnToolsVersion = 10.0;
						DevelopmentTeam = T2TBC34KR3;
						ProvisioningStyle = Manual;
						TestTargetID = 929E19D51EB0A77B004EBC43;
					};
				};
			};
			buildConfigurationList = 929E19D11EB0A77B004EBC43 /* Build configuration list for PBXProject "Smash-Up" */;
			compatibilityVersion = "Xcode 3.2";
			developmentRegion = English;
			hasScannedForEncodings = 0;
			knownRegions = (
				en,
				Base,
			);
			mainGroup = 929E19CD1EB0A77B004EBC43;
			productRefGroup = 929E19D71EB0A77B004EBC43 /* Products */;
			projectDirPath = "";
			projectRoot = "";
			targets = (
				929E19D51EB0A77B004EBC43 /* Smash-Up */,
				92EE89DE215262A00099123E /* Smash-UpUITests */,
			);
		};
/* End PBXProject section */

/* Begin PBXResourcesBuildPhase section */
		929E19D41EB0A77B004EBC43 /* Resources */ = {
			isa = PBXResourcesBuildPhase;
			buildActionMask = 2147483647;
			files = (
				929E19E41EB0A77B004EBC43 /* LaunchScreen.storyboard in Resources */,
				929E19E11EB0A77B004EBC43 /* Assets.xcassets in Resources */,
				929E19DF1EB0A77B004EBC43 /* Main.storyboard in Resources */,
				92CD20E7220B1D3F00B2AB2E /* AppCenterDistributeResources.bundle in Resources */,
			);
			runOnlyForDeploymentPostprocessing = 0;
		};
		92EE89DD215262A00099123E /* Resources */ = {
			isa = PBXResourcesBuildPhase;
			buildActionMask = 2147483647;
			files = (
			);
			runOnlyForDeploymentPostprocessing = 0;
		};
/* End PBXResourcesBuildPhase section */

/* Begin PBXSourcesBuildPhase section */
		929E19D21EB0A77B004EBC43 /* Sources */ = {
			isa = PBXSourcesBuildPhase;
			buildActionMask = 2147483647;
			files = (
				929E1A001EB0AD58004EBC43 /* Game.swift in Sources */,
				92118763221FFD4400BA9B7F /* Actions.swift in Sources */,
				9250BD0821E4E55D005C6D3C /* FactionDelegate.swift in Sources */,
				929E19FC1EB0A89B004EBC43 /* Faction.swift in Sources */,
				927C3F621F224CFE00233977 /* Randoms.swift in Sources */,
				929E19FA1EB0A807004EBC43 /* Player.swift in Sources */,
				92C5FC002060110A003E3B74 /* SetupTableViewController.swift in Sources */,
				9211875B221FF60A00BA9B7F /* Store.swift in Sources */,
				92C5FBFA2060027D003E3B74 /* GameViewController.swift in Sources */,
				921AB55420B1E8110068F467 /* PlayerTableViewCell.swift in Sources */,
				929E19DA1EB0A77B004EBC43 /* AppDelegate.swift in Sources */,
				92118760221FFC2100BA9B7F /* GameSetupReducer.swift in Sources */,
				92E4B9D91F76722600F7CFD3 /* FactionTableViewController.swift in Sources */,
			);
			runOnlyForDeploymentPostprocessing = 0;
		};
		92EE89DB215262A00099123E /* Sources */ = {
			isa = PBXSourcesBuildPhase;
			buildActionMask = 2147483647;
			files = (
				92EE89E2215262A00099123E /* Smash_UpUITests.swift in Sources */,
			);
			runOnlyForDeploymentPostprocessing = 0;
		};
/* End PBXSourcesBuildPhase section */

/* Begin PBXTargetDependency section */
		92EE89E5215262A00099123E /* PBXTargetDependency */ = {
			isa = PBXTargetDependency;
			target = 929E19D51EB0A77B004EBC43 /* Smash-Up */;
			targetProxy = 92EE89E4215262A00099123E /* PBXContainerItemProxy */;
		};
/* End PBXTargetDependency section */

/* Begin PBXVariantGroup section */
		929E19DD1EB0A77B004EBC43 /* Main.storyboard */ = {
			isa = PBXVariantGroup;
			children = (
				929E19DE1EB0A77B004EBC43 /* Base */,
			);
			name = Main.storyboard;
			sourceTree = "<group>";
		};
		929E19E21EB0A77B004EBC43 /* LaunchScreen.storyboard */ = {
			isa = PBXVariantGroup;
			children = (
				929E19E31EB0A77B004EBC43 /* Base */,
			);
			name = LaunchScreen.storyboard;
			sourceTree = "<group>";
		};
/* End PBXVariantGroup section */

/* Begin XCBuildConfiguration section */
		929E19F11EB0A77B004EBC43 /* Debug */ = {
			isa = XCBuildConfiguration;
			buildSettings = {
				ALWAYS_SEARCH_USER_PATHS = NO;
				CLANG_ANALYZER_NONNULL = YES;
				CLANG_ANALYZER_NUMBER_OBJECT_CONVERSION = YES_AGGRESSIVE;
				CLANG_CXX_LANGUAGE_STANDARD = "gnu++0x";
				CLANG_CXX_LIBRARY = "libc++";
				CLANG_ENABLE_MODULES = YES;
				CLANG_ENABLE_OBJC_ARC = YES;
				CLANG_WARN_BLOCK_CAPTURE_AUTORELEASING = YES;
				CLANG_WARN_BOOL_CONVERSION = YES;
				CLANG_WARN_COMMA = YES;
				CLANG_WARN_CONSTANT_CONVERSION = YES;
				CLANG_WARN_DEPRECATED_OBJC_IMPLEMENTATIONS = YES;
				CLANG_WARN_DIRECT_OBJC_ISA_USAGE = YES_ERROR;
				CLANG_WARN_DOCUMENTATION_COMMENTS = YES;
				CLANG_WARN_EMPTY_BODY = YES;
				CLANG_WARN_ENUM_CONVERSION = YES;
				CLANG_WARN_INFINITE_RECURSION = YES;
				CLANG_WARN_INT_CONVERSION = YES;
				CLANG_WARN_NON_LITERAL_NULL_CONVERSION = YES;
				CLANG_WARN_OBJC_IMPLICIT_RETAIN_SELF = YES;
				CLANG_WARN_OBJC_LITERAL_CONVERSION = YES;
				CLANG_WARN_OBJC_ROOT_CLASS = YES_ERROR;
				CLANG_WARN_RANGE_LOOP_ANALYSIS = YES;
				CLANG_WARN_STRICT_PROTOTYPES = YES;
				CLANG_WARN_SUSPICIOUS_MOVE = YES;
				CLANG_WARN_UNREACHABLE_CODE = YES;
				CLANG_WARN__DUPLICATE_METHOD_MATCH = YES;
				"CODE_SIGN_IDENTITY[sdk=iphoneos*]" = "iPhone Developer";
				COPY_PHASE_STRIP = NO;
				DEBUG_INFORMATION_FORMAT = dwarf;
				ENABLE_STRICT_OBJC_MSGSEND = YES;
				ENABLE_TESTABILITY = YES;
				GCC_C_LANGUAGE_STANDARD = gnu99;
				GCC_DYNAMIC_NO_PIC = NO;
				GCC_NO_COMMON_BLOCKS = YES;
				GCC_OPTIMIZATION_LEVEL = 0;
				GCC_PREPROCESSOR_DEFINITIONS = (
					"DEBUG=1",
					"$(inherited)",
				);
				GCC_WARN_64_TO_32_BIT_CONVERSION = YES;
				GCC_WARN_ABOUT_RETURN_TYPE = YES_ERROR;
				GCC_WARN_UNDECLARED_SELECTOR = YES;
				GCC_WARN_UNINITIALIZED_AUTOS = YES_AGGRESSIVE;
				GCC_WARN_UNUSED_FUNCTION = YES;
				GCC_WARN_UNUSED_VARIABLE = YES;
				IPHONEOS_DEPLOYMENT_TARGET = 10.3;
				MTL_ENABLE_DEBUG_INFO = YES;
				ONLY_ACTIVE_ARCH = YES;
				SDKROOT = iphoneos;
				SWIFT_ACTIVE_COMPILATION_CONDITIONS = DEBUG;
				SWIFT_OPTIMIZATION_LEVEL = "-Onone";
			};
			name = Debug;
		};
		929E19F21EB0A77B004EBC43 /* Release */ = {
			isa = XCBuildConfiguration;
			buildSettings = {
				ALWAYS_SEARCH_USER_PATHS = NO;
				CLANG_ANALYZER_NONNULL = YES;
				CLANG_ANALYZER_NUMBER_OBJECT_CONVERSION = YES_AGGRESSIVE;
				CLANG_CXX_LANGUAGE_STANDARD = "gnu++0x";
				CLANG_CXX_LIBRARY = "libc++";
				CLANG_ENABLE_MODULES = YES;
				CLANG_ENABLE_OBJC_ARC = YES;
				CLANG_WARN_BLOCK_CAPTURE_AUTORELEASING = YES;
				CLANG_WARN_BOOL_CONVERSION = YES;
				CLANG_WARN_COMMA = YES;
				CLANG_WARN_CONSTANT_CONVERSION = YES;
				CLANG_WARN_DEPRECATED_OBJC_IMPLEMENTATIONS = YES;
				CLANG_WARN_DIRECT_OBJC_ISA_USAGE = YES_ERROR;
				CLANG_WARN_DOCUMENTATION_COMMENTS = YES;
				CLANG_WARN_EMPTY_BODY = YES;
				CLANG_WARN_ENUM_CONVERSION = YES;
				CLANG_WARN_INFINITE_RECURSION = YES;
				CLANG_WARN_INT_CONVERSION = YES;
				CLANG_WARN_NON_LITERAL_NULL_CONVERSION = YES;
				CLANG_WARN_OBJC_IMPLICIT_RETAIN_SELF = YES;
				CLANG_WARN_OBJC_LITERAL_CONVERSION = YES;
				CLANG_WARN_OBJC_ROOT_CLASS = YES_ERROR;
				CLANG_WARN_RANGE_LOOP_ANALYSIS = YES;
				CLANG_WARN_STRICT_PROTOTYPES = YES;
				CLANG_WARN_SUSPICIOUS_MOVE = YES;
				CLANG_WARN_UNREACHABLE_CODE = YES;
				CLANG_WARN__DUPLICATE_METHOD_MATCH = YES;
				"CODE_SIGN_IDENTITY[sdk=iphoneos*]" = "iPhone Developer";
				COPY_PHASE_STRIP = NO;
				DEBUG_INFORMATION_FORMAT = "dwarf-with-dsym";
				ENABLE_NS_ASSERTIONS = NO;
				ENABLE_STRICT_OBJC_MSGSEND = YES;
				GCC_C_LANGUAGE_STANDARD = gnu99;
				GCC_NO_COMMON_BLOCKS = YES;
				GCC_WARN_64_TO_32_BIT_CONVERSION = YES;
				GCC_WARN_ABOUT_RETURN_TYPE = YES_ERROR;
				GCC_WARN_UNDECLARED_SELECTOR = YES;
				GCC_WARN_UNINITIALIZED_AUTOS = YES_AGGRESSIVE;
				GCC_WARN_UNUSED_FUNCTION = YES;
				GCC_WARN_UNUSED_VARIABLE = YES;
				IPHONEOS_DEPLOYMENT_TARGET = 10.3;
				MTL_ENABLE_DEBUG_INFO = NO;
				SDKROOT = iphoneos;
				SWIFT_OPTIMIZATION_LEVEL = "-Owholemodule";
				VALIDATE_PRODUCT = YES;
			};
			name = Release;
		};
		929E19F41EB0A77B004EBC43 /* Debug */ = {
			isa = XCBuildConfiguration;
			buildSettings = {
				ASSETCATALOG_COMPILER_APPICON_NAME = AppIcon;
				CODE_SIGN_IDENTITY = "iPhone Distribution";
				"CODE_SIGN_IDENTITY[sdk=iphoneos*]" = "iPhone Developer";
				DEVELOPMENT_TEAM = T2TBC34KR3;
				FRAMEWORK_SEARCH_PATHS = (
					"$(inherited)",
					"$(PROJECT_DIR)/Smash-Up/Vendor",
					"$(PROJECT_DIR)/Smash-Up",
					"$(PROJECT_DIR)/Carthage/Build/iOS",
				);
				INFOPLIST_FILE = "Smash-Up/Info.plist";
				IPHONEOS_DEPLOYMENT_TARGET = 9.0;
				LD_RUNPATH_SEARCH_PATHS = "$(inherited) @executable_path/Frameworks";
				PRODUCT_BUNDLE_IDENTIFIER = "com.ribeyestudios.Smash-Up";
				PRODUCT_NAME = "$(TARGET_NAME)";
				PROVISIONING_PROFILE = "09d7d6ab-45f7-458f-883a-a05db0b483f8";
				PROVISIONING_PROFILE_SPECIFIER = "developments.smash-up";
				SWIFT_VERSION = 4.2;
			};
			name = Debug;
		};
		929E19F51EB0A77B004EBC43 /* Release */ = {
			isa = XCBuildConfiguration;
			buildSettings = {
				ASSETCATALOG_COMPILER_APPICON_NAME = AppIcon;
				CODE_SIGN_IDENTITY = "iPhone Developer";
				"CODE_SIGN_IDENTITY[sdk=iphoneos*]" = "iPhone Distribution";
				DEVELOPMENT_TEAM = T2TBC34KR3;
				FRAMEWORK_SEARCH_PATHS = (
					"$(inherited)",
					"$(PROJECT_DIR)/Smash-Up/Vendor",
					"$(PROJECT_DIR)/Smash-Up",
					"$(PROJECT_DIR)/Carthage/Build/iOS",
				);
				INFOPLIST_FILE = "Smash-Up/Info.plist";
				IPHONEOS_DEPLOYMENT_TARGET = 9.0;
				LD_RUNPATH_SEARCH_PATHS = "$(inherited) @executable_path/Frameworks";
				PRODUCT_BUNDLE_IDENTIFIER = "com.ribeyestudios.Smash-Up";
				PRODUCT_NAME = "$(TARGET_NAME)";
				PROVISIONING_PROFILE = "1d25f0fd-5421-4552-8230-e6b2be29984d";
				PROVISIONING_PROFILE_SPECIFIER = "distribution.smash-up";
				SWIFT_VERSION = 4.2;
			};
			name = Release;
		};
		92EE89E7215262A00099123E /* Debug */ = {
			isa = XCBuildConfiguration;
			buildSettings = {
				CLANG_CXX_LANGUAGE_STANDARD = "gnu++14";
				CLANG_ENABLE_OBJC_WEAK = YES;
				CLANG_WARN_UNGUARDED_AVAILABILITY = YES_AGGRESSIVE;
				CODE_SIGN_IDENTITY = "iPhone Developer";
				CODE_SIGN_STYLE = Manual;
				DEVELOPMENT_TEAM = T2TBC34KR3;
				GCC_C_LANGUAGE_STANDARD = gnu11;
				INFOPLIST_FILE = "Smash-UpUITests/Info.plist";
				IPHONEOS_DEPLOYMENT_TARGET = 12.0;
				LD_RUNPATH_SEARCH_PATHS = "$(inherited) @executable_path/Frameworks @loader_path/Frameworks";
				MTL_ENABLE_DEBUG_INFO = INCLUDE_SOURCE;
				MTL_FAST_MATH = YES;
				PRODUCT_BUNDLE_IDENTIFIER = "com.ribeyestudios.Smash-UpUITests";
				PRODUCT_NAME = "$(TARGET_NAME)";
				PROVISIONING_PROFILE = "1d25f0fd-5421-4552-8230-e6b2be29984d";
				PROVISIONING_PROFILE_SPECIFIER = smashUpUITest.dev;
				SWIFT_VERSION = 4.2;
				TARGETED_DEVICE_FAMILY = "1,2";
				TEST_TARGET_NAME = "Smash-Up";
			};
			name = Debug;
		};
		92EE89E8215262A00099123E /* Release */ = {
			isa = XCBuildConfiguration;
			buildSettings = {
				CLANG_CXX_LANGUAGE_STANDARD = "gnu++14";
				CLANG_ENABLE_OBJC_WEAK = YES;
				CLANG_WARN_UNGUARDED_AVAILABILITY = YES_AGGRESSIVE;
				CODE_SIGN_IDENTITY = "iPhone Developer";
				CODE_SIGN_STYLE = Manual;
				DEVELOPMENT_TEAM = T2TBC34KR3;
				GCC_C_LANGUAGE_STANDARD = gnu11;
				INFOPLIST_FILE = "Smash-UpUITests/Info.plist";
				IPHONEOS_DEPLOYMENT_TARGET = 12.0;
				LD_RUNPATH_SEARCH_PATHS = "$(inherited) @executable_path/Frameworks @loader_path/Frameworks";
				MTL_FAST_MATH = YES;
				PRODUCT_BUNDLE_IDENTIFIER = "com.ribeyestudios.Smash-UpUITests";
				PRODUCT_NAME = "$(TARGET_NAME)";
				PROVISIONING_PROFILE = "1d25f0fd-5421-4552-8230-e6b2be29984d";
				PROVISIONING_PROFILE_SPECIFIER = smashUpUITest.dev;
				SWIFT_VERSION = 4.2;
				TARGETED_DEVICE_FAMILY = "1,2";
				TEST_TARGET_NAME = "Smash-Up";
			};
			name = Release;
		};
/* End XCBuildConfiguration section */

/* Begin XCConfigurationList section */
		929E19D11EB0A77B004EBC43 /* Build configuration list for PBXProject "Smash-Up" */ = {
			isa = XCConfigurationList;
			buildConfigurations = (
				929E19F11EB0A77B004EBC43 /* Debug */,
				929E19F21EB0A77B004EBC43 /* Release */,
			);
			defaultConfigurationIsVisible = 0;
			defaultConfigurationName = Release;
		};
		929E19F31EB0A77B004EBC43 /* Build configuration list for PBXNativeTarget "Smash-Up" */ = {
			isa = XCConfigurationList;
			buildConfigurations = (
				929E19F41EB0A77B004EBC43 /* Debug */,
				929E19F51EB0A77B004EBC43 /* Release */,
			);
			defaultConfigurationIsVisible = 0;
			defaultConfigurationName = Release;
		};
		92EE89E6215262A00099123E /* Build configuration list for PBXNativeTarget "Smash-UpUITests" */ = {
			isa = XCConfigurationList;
			buildConfigurations = (
				92EE89E7215262A00099123E /* Debug */,
				92EE89E8215262A00099123E /* Release */,
			);
			defaultConfigurationIsVisible = 0;
			defaultConfigurationName = Release;
		};
/* End XCConfigurationList section */
	};
	rootObject = 929E19CE1EB0A77B004EBC43 /* Project object */;
}
